
Microsoft Visual Studio Solution File, Format Version 12.00
# Visual Studio Version 17
VisualStudioVersion = 17.13.35919.96 d17.13
MinimumVisualStudioVersion = 10.0.40219.1
Project("{FAE04EC0-301F-11D3-BF4B-00C04F79EFBC}") = "RegistrationAPI", "RegistrationAPI\RegistrationAPI.csproj", "{1324066D-674E-4547-876F-08FA3EC8BA2B}"
EndProject
Global
	GlobalSection(SolutionConfigurationPlatforms) = preSolution
		Debug|Any CPU = Debug|Any CPU
		Release|Any CPU = Release|Any CPU
	EndGlobalSection
	GlobalSection(ProjectConfigurationPlatforms) = postSolution
		{1324066D-674E-4547-876F-08FA3EC8BA2B}.Debug|Any CPU.ActiveCfg = Debug|Any CPU
		{1324066D-674E-4547-876F-08FA3EC8BA2B}.Debug|Any CPU.Build.0 = Debug|Any CPU
		{1324066D-674E-4547-876F-08FA3EC8BA2B}.Release|Any CPU.ActiveCfg = Release|Any CPU
		{1324066D-674E-4547-876F-08FA3EC8BA2B}.Release|Any CPU.Build.0 = Release|Any CPU
	EndGlobalSection
	GlobalSection(SolutionProperties) = preSolution
		HideSolutionNode = FALSE
	EndGlobalSection
	GlobalSection(ExtensibilityGlobals) = postSolution
		SolutionGuid = {BD2CD69F-3032-4338-801A-4A9F831B2C0B}
	EndGlobalSection
EndGlobal
